
Microsoft Visual Studio Solution File, Format Version 12.00
# Visual Studio Version 16
VisualStudioVersion = 16.0.30011.22
MinimumVisualStudioVersion = 10.0.40219.1
Project("{FAE04EC0-301F-11D3-BF4B-00C04F79EFBC}") = "FourShadesOfGray", "FourShadesOfGray.csproj", "{810C2D52-B2E3-442C-9FC3-449AD2D6E197}"
EndProject
Global
	GlobalSection(SolutionConfigurationPlatforms) = preSolution
		Debug|Any CPU = Debug|Any CPU
		Release|Any CPU = Release|Any CPU
	EndGlobalSection
	GlobalSection(ProjectConfigurationPlatforms) = postSolution
		{810C2D52-B2E3-442C-9FC3-449AD2D6E197}.Debug|Any CPU.ActiveCfg = Debug|Any CPU
		{810C2D52-B2E3-442C-9FC3-449AD2D6E197}.Debug|Any CPU.Build.0 = Debug|Any CPU
		{810C2D52-B2E3-442C-9FC3-449AD2D6E197}.Release|Any CPU.ActiveCfg = Release|Any CPU
		{810C2D52-B2E3-442C-9FC3-449AD2D6E197}.Release|Any CPU.Build.0 = Release|Any CPU
	EndGlobalSection
	GlobalSection(SolutionProperties) = preSolution
		HideSolutionNode = FALSE
	EndGlobalSection
	GlobalSection(ExtensibilityGlobals) = postSolution
		SolutionGuid = {C207985D-F8EC-47E6-8F63-48EC6CED1278}
	EndGlobalSection
EndGlobal
